
Microsoft Visual Studio Solution File, Format Version 12.00
# Visual Studio Version 17
VisualStudioVersion = 17.9.34616.47
MinimumVisualStudioVersion = 10.0.40219.1
Project("{FAE04EC0-301F-11D3-BF4B-00C04F79EFBC}") = "Aardwolf Plugin Manager", "Aardwolf Plugin Manager.csproj", "{4EE24C2C-77E1-46C0-96FC-7C03D7BE5A8F}"
EndProject
Global
	GlobalSection(SolutionConfigurationPlatforms) = preSolution
		Debug|Any CPU = Debug|Any CPU
		Release|Any CPU = Release|Any CPU
	EndGlobalSection
	GlobalSection(ProjectConfigurationPlatforms) = postSolution
		{4EE24C2C-77E1-46C0-96FC-7C03D7BE5A8F}.Debug|Any CPU.ActiveCfg = Debug|Any CPU
		{4EE24C2C-77E1-46C0-96FC-7C03D7BE5A8F}.Debug|Any CPU.Build.0 = Debug|Any CPU
		{4EE24C2C-77E1-46C0-96FC-7C03D7BE5A8F}.Release|Any CPU.ActiveCfg = Release|Any CPU
		{4EE24C2C-77E1-46C0-96FC-7C03D7BE5A8F}.Release|Any CPU.Build.0 = Release|Any CPU
	EndGlobalSection
	GlobalSection(SolutionProperties) = preSolution
		HideSolutionNode = FALSE
	EndGlobalSection
	GlobalSection(ExtensibilityGlobals) = postSolution
		SolutionGuid = {93E62501-9976-4C4E-917C-24B696953C7A}
	EndGlobalSection
EndGlobal
